{
  "name": "materialpass-webclient",
  "version": "0.1.0",
  "lockfileVersion": 3,
  "requires": true,
  "packages": {
    "": {
      "name": "materialpass-webclient",
      "version": "0.1.0",
      "dependencies": {
        "@mdi/font": "5.9.55",
        "@popperjs/core": "^2.11.2",
        "axios": "^0.26.0",
        "core-js": "^3.8.3",
        "crypto-js": "^4.1.1",
        "keycloak-js": "^19.0.1",
        "path": "^0.12.7",
        "popper.js": "^1.16.1",
        "vue": "^3.2.31",
        "vue-router": "^4.0.13",
        "vue3-easy-data-table": "^1.4.17",
        "vue3-qrcode-reader": "^0.0.1",
        "vuetify": "^3.0.4",
        "vuex": "^4.0.2",
        "vuex-persistedstate": "^4.1.0",
        "webfontloader": "^1.0.0"
      }
    },
    "node_modules/@babel/parser": {
      "version": "7.20.13",
      "resolved": "https://registry.npmjs.org/@babel/parser/-/parser-7.20.13.tgz",
      "integrity": "sha512-gFDLKMfpiXCsjt4za2JA9oTMn70CeseCehb11kRZgvd7+F67Hih3OHOK24cRrWECJ/ljfPGac6ygXAs/C8kIvw==",
      "bin": {
        "parser": "bin/babel-parser.js"
      },
      "engines": {
        "node": ">=6.0.0"
      }
    },
    "node_modules/@mdi/font": {
      "version": "5.9.55",
      "license": "Apache-2.0"
    },
    "node_modules/@popperjs/core": {
      "version": "2.11.2",
      "license": "MIT",
      "funding": {
        "type": "opencollective",
        "url": "https://opencollective.com/popperjs"
      }
    },
    "node_modules/@vue/compiler-core": {
      "version": "3.2.31",
      "license": "MIT",
      "dependencies": {
        "@babel/parser": "^7.16.4",
        "@vue/shared": "3.2.31",
        "estree-walker": "^2.0.2",
        "source-map": "^0.6.1"
      }
    },
    "node_modules/@vue/compiler-dom": {
      "version": "3.2.31",
      "license": "MIT",
      "dependencies": {
        "@vue/compiler-core": "3.2.31",
        "@vue/shared": "3.2.31"
      }
    },
    "node_modules/@vue/compiler-sfc": {
      "version": "3.2.31",
      "license": "MIT",
      "dependencies": {
        "@babel/parser": "^7.16.4",
        "@vue/compiler-core": "3.2.31",
        "@vue/compiler-dom": "3.2.31",
        "@vue/compiler-ssr": "3.2.31",
        "@vue/reactivity-transform": "3.2.31",
        "@vue/shared": "3.2.31",
        "estree-walker": "^2.0.2",
        "magic-string": "^0.25.7",
        "postcss": "^8.1.10",
        "source-map": "^0.6.1"
      }
    },
    "node_modules/@vue/compiler-ssr": {
      "version": "3.2.31",
      "license": "MIT",
      "dependencies": {
        "@vue/compiler-dom": "3.2.31",
        "@vue/shared": "3.2.31"
      }
    },
    "node_modules/@vue/devtools-api": {
      "version": "6.0.12",
      "license": "MIT"
    },
    "node_modules/@vue/reactivity": {
      "version": "3.2.31",
      "license": "MIT",
      "dependencies": {
        "@vue/shared": "3.2.31"
      }
    },
    "node_modules/@vue/reactivity-transform": {
      "version": "3.2.31",
      "license": "MIT",
      "dependencies": {
        "@babel/parser": "^7.16.4",
        "@vue/compiler-core": "3.2.31",
        "@vue/shared": "3.2.31",
        "estree-walker": "^2.0.2",
        "magic-string": "^0.25.7"
      }
    },
    "node_modules/@vue/runtime-core": {
      "version": "3.2.31",
      "license": "MIT",
      "dependencies": {
        "@vue/reactivity": "3.2.31",
        "@vue/shared": "3.2.31"
      }
    },
    "node_modules/@vue/runtime-dom": {
      "version": "3.2.31",
      "license": "MIT",
      "dependencies": {
        "@vue/runtime-core": "3.2.31",
        "@vue/shared": "3.2.31",
        "csstype": "^2.6.8"
      }
    },
    "node_modules/@vue/server-renderer": {
      "version": "3.2.31",
      "license": "MIT",
      "dependencies": {
        "@vue/compiler-ssr": "3.2.31",
        "@vue/shared": "3.2.31"
      },
      "peerDependencies": {
        "vue": "3.2.31"
      }
    },
    "node_modules/@vue/shared": {
      "version": "3.2.31",
      "license": "MIT"
    },
    "node_modules/axios": {
      "version": "0.26.0",
      "license": "MIT",
      "dependencies": {
        "follow-redirects": "^1.14.8"
      }
    },
    "node_modules/base64-js": {
      "version": "1.5.1",
      "funding": [
        {
          "type": "github",
          "url": "https://github.com/sponsors/feross"
        },
        {
          "type": "patreon",
          "url": "https://www.patreon.com/feross"
        },
        {
          "type": "consulting",
          "url": "https://feross.org/support"
        }
      ],
      "license": "MIT"
    },
    "node_modules/callforth": {
      "version": "0.3.1",
      "license": "MIT"
    },
    "node_modules/core-js": {
      "version": "3.21.1",
      "hasInstallScript": true,
      "license": "MIT",
      "funding": {
        "type": "opencollective",
        "url": "https://opencollective.com/core-js"
      }
    },
    "node_modules/crypto-js": {
      "version": "4.1.1",
      "license": "MIT"
    },
    "node_modules/csstype": {
      "version": "2.6.19",
      "license": "MIT"
    },
    "node_modules/estree-walker": {
      "version": "2.0.2",
      "license": "MIT"
    },
    "node_modules/follow-redirects": {
      "version": "1.14.9",
      "funding": [
        {
          "type": "individual",
          "url": "https://github.com/sponsors/RubenVerborgh"
        }
      ],
      "license": "MIT",
      "engines": {
        "node": ">=4.0"
      },
      "peerDependenciesMeta": {
        "debug": {
          "optional": true
        }
      }
    },
    "node_modules/js-sha256": {
      "version": "0.9.0",
      "license": "MIT"
    },
    "node_modules/keycloak-js": {
      "version": "19.0.1",
      "license": "Apache-2.0",
      "dependencies": {
        "base64-js": "^1.5.1",
        "js-sha256": "^0.9.0"
      }
    },
    "node_modules/magic-string": {
      "version": "0.25.7",
      "license": "MIT",
      "dependencies": {
        "sourcemap-codec": "^1.4.4"
      }
    },
    "node_modules/nanoid": {
      "version": "3.3.4",
      "resolved": "https://registry.npmjs.org/nanoid/-/nanoid-3.3.4.tgz",
      "integrity": "sha512-MqBkQh/OHTS2egovRtLk45wEyNXwF+cokD+1YPf9u5VfJiRdAiRwB2froX5Co9Rh20xs4siNPm8naNotSD6RBw==",
      "bin": {
        "nanoid": "bin/nanoid.cjs"
      },
      "engines": {
        "node": "^10 || ^12 || ^13.7 || ^14 || >=15.0.1"
      }
    },
    "node_modules/path": {
      "version": "0.12.7",
      "license": "MIT",
      "dependencies": {
        "process": "^0.11.1",
        "util": "^0.10.3"
      }
    },
    "node_modules/picocolors": {
      "version": "1.0.0",
      "license": "ISC"
    },
    "node_modules/popper.js": {
      "version": "1.16.1",
      "license": "MIT",
      "funding": {
        "type": "opencollective",
        "url": "https://opencollective.com/popperjs"
      }
    },
    "node_modules/postcss": {
      "version": "8.4.21",
      "resolved": "https://registry.npmjs.org/postcss/-/postcss-8.4.21.tgz",
      "integrity": "sha512-tP7u/Sn/dVxK2NnruI4H9BG+x+Wxz6oeZ1cJ8P6G/PZY0IKk4k/63TDsQf2kQq3+qoJeLm2kIBUNlZe3zgb4Zg==",
      "funding": [
        {
          "type": "opencollective",
          "url": "https://opencollective.com/postcss/"
        },
        {
          "type": "tidelift",
          "url": "https://tidelift.com/funding/github/npm/postcss"
        }
      ],
      "dependencies": {
        "nanoid": "^3.3.4",
        "picocolors": "^1.0.0",
        "source-map-js": "^1.0.2"
      },
      "engines": {
        "node": "^10 || ^12 || >=14"
      }
    },
    "node_modules/process": {
      "version": "0.11.10",
      "license": "MIT",
      "engines": {
        "node": ">= 0.6.0"
      }
    },
    "node_modules/rtcpeerconnection-shim": {
      "version": "1.2.15",
      "license": "BSD-3-Clause",
      "dependencies": {
        "sdp": "^2.6.0"
      },
      "engines": {
        "node": ">=6.0.0",
        "npm": ">=3.10.0"
      }
    },
    "node_modules/sdp": {
      "version": "2.12.0",
      "license": "MIT"
    },
    "node_modules/shvl": {
      "version": "2.0.3",
      "license": "MIT"
    },
    "node_modules/source-map": {
      "version": "0.6.1",
      "resolved": "https://registry.npmjs.org/source-map/-/source-map-0.6.1.tgz",
      "integrity": "sha512-UjgapumWlbMhkBgzT7Ykc5YXUT46F0iKu8SGXq0bcwP5dz/h0Plj6enJqjz1Zbq2l5WaqYnrVbwWOWMyF3F47g==",
      "engines": {
        "node": ">=0.10.0"
      }
    },
    "node_modules/source-map-js": {
      "version": "1.0.2",
      "license": "BSD-3-Clause",
      "engines": {
        "node": ">=0.10.0"
      }
    },
    "node_modules/sourcemap-codec": {
      "version": "1.4.8",
      "license": "MIT"
    },
    "node_modules/util": {
      "version": "0.10.4",
      "license": "MIT",
      "dependencies": {
        "inherits": "2.0.3"
      }
    },
    "node_modules/util/node_modules/inherits": {
      "version": "2.0.3",
      "license": "ISC"
    },
    "node_modules/vue": {
      "version": "3.2.31",
      "license": "MIT",
      "dependencies": {
        "@vue/compiler-dom": "3.2.31",
        "@vue/compiler-sfc": "3.2.31",
        "@vue/runtime-dom": "3.2.31",
        "@vue/server-renderer": "3.2.31",
        "@vue/shared": "3.2.31"
      }
    },
    "node_modules/vue-router": {
      "version": "4.0.13",
      "license": "MIT",
      "dependencies": {
        "@vue/devtools-api": "^6.0.0"
      },
      "funding": {
        "url": "https://github.com/sponsors/posva"
      },
      "peerDependencies": {
        "vue": "^3.2.0"
      }
    },
    "node_modules/vue3-easy-data-table": {
      "version": "1.4.17",
      "license": "MIT",
      "dependencies": {
        "vue": "^3.2.25"
      }
    },
    "node_modules/vue3-qrcode-reader": {
      "version": "0.0.1",
      "license": "MIT",
      "dependencies": {
        "callforth": "^0.3.1",
        "core-js": "^3.6.5",
        "vue": "^3.0.0",
        "webrtc-adapter": "7.7.0"
      }
    },
    "node_modules/vuetify": {
      "version": "3.0.4",
      "license": "MIT",
      "engines": {
        "node": "^12.20 || >=14.13"
      },
      "funding": {
        "type": "github",
        "url": "https://github.com/sponsors/johnleider"
      },
      "peerDependencies": {
        "vite-plugin-vuetify": "^1.0.0-alpha.12",
        "vue": "^3.2.0",
        "vue-i18n": "^9.0.0",
        "webpack-plugin-vuetify": "^2.0.0-alpha.11"
      },
      "peerDependenciesMeta": {
        "vite-plugin-vuetify": {
          "optional": true
        },
        "vue-i18n": {
          "optional": true
        },
        "webpack-plugin-vuetify": {
          "optional": true
        }
      }
    },
    "node_modules/vuex": {
      "version": "4.0.2",
      "license": "MIT",
      "dependencies": {
        "@vue/devtools-api": "^6.0.0-beta.11"
      },
      "peerDependencies": {
        "vue": "^3.0.2"
      }
    },
    "node_modules/vuex-persistedstate": {
      "version": "4.1.0",
      "license": "MIT",
      "dependencies": {
        "deepmerge": "^4.2.2",
        "shvl": "^2.0.3"
      },
      "peerDependencies": {
        "vuex": "^3.0 || ^4.0.0-rc"
      }
    },
    "node_modules/vuex-persistedstate/node_modules/deepmerge": {
      "version": "4.2.2",
      "license": "MIT",
      "engines": {
        "node": ">=0.10.0"
      }
    },
    "node_modules/webfontloader": {
      "version": "1.6.28",
      "license": "Apache-2.0"
    },
    "node_modules/webrtc-adapter": {
      "version": "7.7.0",
      "license": "BSD-3-Clause",
      "dependencies": {
        "rtcpeerconnection-shim": "^1.2.15",
        "sdp": "^2.12.0"
      },
      "engines": {
        "node": ">=6.0.0",
        "npm": ">=3.10.0"
      }
    }
  }
}
