dependencies:
- name: edc-controlplane
  repository: https://catenax-ng.github.io/product-edc
  version: 0.1.6
- name: edc-dataplane
  repository: https://catenax-ng.github.io/product-edc
  version: 0.1.6
- name: backend-service
  repository: file://backend-service
  version: 0.0.6
- name: postgresql
  repository: https://charts.bitnami.com/bitnami
  version: 12.1.5
digest: sha256:ecbdb77968205912ac5c9fa3badf285821e0e00b57ea05993d327442114863bc
generated: "2023-02-23T10:37:31.1786728+01:00"
