dependencies:
- name: edc-controlplane
  repository: https://catenax-ng.github.io/product-edc
  version: 0.2.0
- name: edc-dataplane
  repository: https://catenax-ng.github.io/product-edc
  version: 0.2.0
- name: backend-service
  repository: https://denisneuling.github.io/cx-backend-service
  version: 0.0.6
- name: postgresql
  repository: https://charts.bitnami.com/bitnami
  version: 12.1.5
digest: sha256:29c13efed659f3b0ee879cd6a1c2bb040511a23268eb9bbfe636bc6a812fb8ae
generated: "2022-12-28T14:37:05.8296536+01:00"
