dependencies:
- name: edc-controlplane
  repository: file://../../../deployment/helm/edc-controlplane
  version: 0.0.6
- name: edc-dataplane
  repository: file://../../../deployment/helm/edc-dataplane
  version: 0.0.6
- name: backend-service
  repository: https://denisneuling.github.io/cx-backend-service
  version: 0.0.5
- name: postgresql
  repository: https://charts.bitnami.com/bitnami
  version: 11.2.4
digest: sha256:23c8711bf002340325a4bd5a0a406170a371d3ecce025a81710c705cb0af966a
generated: "2022-09-07T11:15:48.9619037+02:00"
